
Microsoft Visual Studio Solution File, Format Version 12.00
# Visual Studio 14
VisualStudioVersion = 14.0.25420.1
MinimumVisualStudioVersion = 10.0.40219.1
Project("{2150E333-8FDC-42A3-9474-1A3956D46DE8}") = "MES.Base", "MES.Base", "{ED8FC77C-5733-416F-BA33-D66728485EB3}"
EndProject
Project("{FAE04EC0-301F-11D3-BF4B-00C04F79EFBC}") = "MES.Api", "MES.Api\MES.Api.csproj", "{63ED30F2-1187-422E-A502-BCB33649418A}"
EndProject
Project("{FAE04EC0-301F-11D3-BF4B-00C04F79EFBC}") = "MES.Api.Tests", "MES.Api.Tests\MES.Api.Tests.csproj", "{AAD96F49-32B1-440F-BCA6-6AA4334A8D6A}"
EndProject
Project("{FAE04EC0-301F-11D3-BF4B-00C04F79EFBC}") = "MES.Web", "MES.Web\MES.Web.csproj", "{6052B0BA-8BE8-4CBD-864B-D77281D2378C}"
EndProject
Project("{FAE04EC0-301F-11D3-BF4B-00C04F79EFBC}") = "MES.Web.Tests", "MES.Web.Tests\MES.Web.Tests.csproj", "{74084F23-8DEB-48AE-9A83-996B58F2FCCC}"
EndProject
Project("{FAE04EC0-301F-11D3-BF4B-00C04F79EFBC}") = "MES.Model", "MES.Model\MES.Model.csproj", "{871CA2AE-EBCB-4514-B3BC-5CF73FC3BD7D}"
EndProject
Project("{FAE04EC0-301F-11D3-BF4B-00C04F79EFBC}") = "MES.Query", "MES.Query\MES.Query.csproj", "{FD7228F7-F494-420A-95C1-73104270E17A}"
EndProject
Project("{FAE04EC0-301F-11D3-BF4B-00C04F79EFBC}") = "MES.QueryContarct", "MES.QueryContarct\MES.QueryContarct.csproj", "{4AB3CC62-8656-431F-AB8A-FCB5A3A07258}"
EndProject
Project("{FAE04EC0-301F-11D3-BF4B-00C04F79EFBC}") = "MES.WriteContarct", "MES.WriteContarct\MES.WriteContarct.csproj", "{A9F6522F-C3CE-434B-913D-0C8D00427E30}"
EndProject
Project("{FAE04EC0-301F-11D3-BF4B-00C04F79EFBC}") = "MES.Write", "MES.Write\MES.Write.csproj", "{669328FE-2004-462B-A4D7-487C4E758EC1}"
EndProject
Global
	GlobalSection(SolutionConfigurationPlatforms) = preSolution
		Debug|Any CPU = Debug|Any CPU
		Release|Any CPU = Release|Any CPU
	EndGlobalSection
	GlobalSection(ProjectConfigurationPlatforms) = postSolution
		{63ED30F2-1187-422E-A502-BCB33649418A}.Debug|Any CPU.ActiveCfg = Debug|Any CPU
		{63ED30F2-1187-422E-A502-BCB33649418A}.Debug|Any CPU.Build.0 = Debug|Any CPU
		{63ED30F2-1187-422E-A502-BCB33649418A}.Release|Any CPU.ActiveCfg = Release|Any CPU
		{63ED30F2-1187-422E-A502-BCB33649418A}.Release|Any CPU.Build.0 = Release|Any CPU
		{AAD96F49-32B1-440F-BCA6-6AA4334A8D6A}.Debug|Any CPU.ActiveCfg = Debug|Any CPU
		{AAD96F49-32B1-440F-BCA6-6AA4334A8D6A}.Debug|Any CPU.Build.0 = Debug|Any CPU
		{AAD96F49-32B1-440F-BCA6-6AA4334A8D6A}.Release|Any CPU.ActiveCfg = Release|Any CPU
		{AAD96F49-32B1-440F-BCA6-6AA4334A8D6A}.Release|Any CPU.Build.0 = Release|Any CPU
		{6052B0BA-8BE8-4CBD-864B-D77281D2378C}.Debug|Any CPU.ActiveCfg = Debug|Any CPU
		{6052B0BA-8BE8-4CBD-864B-D77281D2378C}.Debug|Any CPU.Build.0 = Debug|Any CPU
		{6052B0BA-8BE8-4CBD-864B-D77281D2378C}.Release|Any CPU.ActiveCfg = Release|Any CPU
		{6052B0BA-8BE8-4CBD-864B-D77281D2378C}.Release|Any CPU.Build.0 = Release|Any CPU
		{74084F23-8DEB-48AE-9A83-996B58F2FCCC}.Debug|Any CPU.ActiveCfg = Debug|Any CPU
		{74084F23-8DEB-48AE-9A83-996B58F2FCCC}.Debug|Any CPU.Build.0 = Debug|Any CPU
		{74084F23-8DEB-48AE-9A83-996B58F2FCCC}.Release|Any CPU.ActiveCfg = Release|Any CPU
		{74084F23-8DEB-48AE-9A83-996B58F2FCCC}.Release|Any CPU.Build.0 = Release|Any CPU
		{871CA2AE-EBCB-4514-B3BC-5CF73FC3BD7D}.Debug|Any CPU.ActiveCfg = Debug|Any CPU
		{871CA2AE-EBCB-4514-B3BC-5CF73FC3BD7D}.Debug|Any CPU.Build.0 = Debug|Any CPU
		{871CA2AE-EBCB-4514-B3BC-5CF73FC3BD7D}.Release|Any CPU.ActiveCfg = Release|Any CPU
		{871CA2AE-EBCB-4514-B3BC-5CF73FC3BD7D}.Release|Any CPU.Build.0 = Release|Any CPU
		{FD7228F7-F494-420A-95C1-73104270E17A}.Debug|Any CPU.ActiveCfg = Debug|Any CPU
		{FD7228F7-F494-420A-95C1-73104270E17A}.Debug|Any CPU.Build.0 = Debug|Any CPU
		{FD7228F7-F494-420A-95C1-73104270E17A}.Release|Any CPU.ActiveCfg = Release|Any CPU
		{FD7228F7-F494-420A-95C1-73104270E17A}.Release|Any CPU.Build.0 = Release|Any CPU
		{4AB3CC62-8656-431F-AB8A-FCB5A3A07258}.Debug|Any CPU.ActiveCfg = Debug|Any CPU
		{4AB3CC62-8656-431F-AB8A-FCB5A3A07258}.Debug|Any CPU.Build.0 = Debug|Any CPU
		{4AB3CC62-8656-431F-AB8A-FCB5A3A07258}.Release|Any CPU.ActiveCfg = Release|Any CPU
		{4AB3CC62-8656-431F-AB8A-FCB5A3A07258}.Release|Any CPU.Build.0 = Release|Any CPU
		{A9F6522F-C3CE-434B-913D-0C8D00427E30}.Debug|Any CPU.ActiveCfg = Debug|Any CPU
		{A9F6522F-C3CE-434B-913D-0C8D00427E30}.Debug|Any CPU.Build.0 = Debug|Any CPU
		{A9F6522F-C3CE-434B-913D-0C8D00427E30}.Release|Any CPU.ActiveCfg = Release|Any CPU
		{A9F6522F-C3CE-434B-913D-0C8D00427E30}.Release|Any CPU.Build.0 = Release|Any CPU
		{669328FE-2004-462B-A4D7-487C4E758EC1}.Debug|Any CPU.ActiveCfg = Debug|Any CPU
		{669328FE-2004-462B-A4D7-487C4E758EC1}.Debug|Any CPU.Build.0 = Debug|Any CPU
		{669328FE-2004-462B-A4D7-487C4E758EC1}.Release|Any CPU.ActiveCfg = Release|Any CPU
		{669328FE-2004-462B-A4D7-487C4E758EC1}.Release|Any CPU.Build.0 = Release|Any CPU
	EndGlobalSection
	GlobalSection(SolutionProperties) = preSolution
		HideSolutionNode = FALSE
	EndGlobalSection
	GlobalSection(NestedProjects) = preSolution
		{871CA2AE-EBCB-4514-B3BC-5CF73FC3BD7D} = {ED8FC77C-5733-416F-BA33-D66728485EB3}
		{FD7228F7-F494-420A-95C1-73104270E17A} = {ED8FC77C-5733-416F-BA33-D66728485EB3}
		{4AB3CC62-8656-431F-AB8A-FCB5A3A07258} = {ED8FC77C-5733-416F-BA33-D66728485EB3}
		{A9F6522F-C3CE-434B-913D-0C8D00427E30} = {ED8FC77C-5733-416F-BA33-D66728485EB3}
		{669328FE-2004-462B-A4D7-487C4E758EC1} = {ED8FC77C-5733-416F-BA33-D66728485EB3}
	EndGlobalSection
EndGlobal
